
Microsoft Visual Studio Solution File, Format Version 12.00
# Visual Studio Version 16
VisualStudioVersion = 16.0.29009.5
MinimumVisualStudioVersion = 10.0.40219.1
Project("{FAE04EC0-301F-11D3-BF4B-00C04F79EFBC}") = "MusicMuse", "MusicMuse\MusicMuse.csproj", "{6BB4C46B-F77E-401F-BCEE-948F708E2EF5}"
EndProject
Global
	GlobalSection(SolutionConfigurationPlatforms) = preSolution
		Debug|Any CPU = Debug|Any CPU
		Release|Any CPU = Release|Any CPU
	EndGlobalSection
	GlobalSection(ProjectConfigurationPlatforms) = postSolution
		{6BB4C46B-F77E-401F-BCEE-948F708E2EF5}.Debug|Any CPU.ActiveCfg = Debug|Any CPU
		{6BB4C46B-F77E-401F-BCEE-948F708E2EF5}.Debug|Any CPU.Build.0 = Debug|Any CPU
		{6BB4C46B-F77E-401F-BCEE-948F708E2EF5}.Release|Any CPU.ActiveCfg = Release|Any CPU
		{6BB4C46B-F77E-401F-BCEE-948F708E2EF5}.Release|Any CPU.Build.0 = Release|Any CPU
	EndGlobalSection
	GlobalSection(SolutionProperties) = preSolution
		HideSolutionNode = FALSE
	EndGlobalSection
	GlobalSection(ExtensibilityGlobals) = postSolution
		SolutionGuid = {F300D2C5-BD11-4EC0-8D78-200D0BF06B4E}
	EndGlobalSection
EndGlobal
